
Microsoft Visual Studio Solution File, Format Version 12.00
# Visual Studio Version 17
VisualStudioVersion = 17.5.33424.131
MinimumVisualStudioVersion = 10.0.40219.1
Project("{54A90642-561A-4BB1-A94E-469ADEE60C69}") = "reactproject1", "reactproject1.esproj", "{0ACBC3ED-32ED-41E3-A004-15C614F50AB5}"
EndProject
Global
	GlobalSection(SolutionConfigurationPlatforms) = preSolution
		Debug|Any CPU = Debug|Any CPU
		Release|Any CPU = Release|Any CPU
	EndGlobalSection
	GlobalSection(ProjectConfigurationPlatforms) = postSolution
		{0ACBC3ED-32ED-41E3-A004-15C614F50AB5}.Debug|Any CPU.ActiveCfg = Debug|Any CPU
		{0ACBC3ED-32ED-41E3-A004-15C614F50AB5}.Debug|Any CPU.Build.0 = Debug|Any CPU
		{0ACBC3ED-32ED-41E3-A004-15C614F50AB5}.Debug|Any CPU.Deploy.0 = Debug|Any CPU
		{0ACBC3ED-32ED-41E3-A004-15C614F50AB5}.Release|Any CPU.ActiveCfg = Release|Any CPU
		{0ACBC3ED-32ED-41E3-A004-15C614F50AB5}.Release|Any CPU.Build.0 = Release|Any CPU
		{0ACBC3ED-32ED-41E3-A004-15C614F50AB5}.Release|Any CPU.Deploy.0 = Release|Any CPU
	EndGlobalSection
	GlobalSection(SolutionProperties) = preSolution
		HideSolutionNode = FALSE
	EndGlobalSection
	GlobalSection(ExtensibilityGlobals) = postSolution
		SolutionGuid = {A4F62EEF-90DB-4803-8717-1A05D634FE68}
	EndGlobalSection
EndGlobal
